
Microsoft Visual Studio Solution File, Format Version 12.00
# Visual Studio Version 17
VisualStudioVersion = 17.13.35913.81
MinimumVisualStudioVersion = 10.0.40219.1
Project("{FAE04EC0-301F-11D3-BF4B-00C04F79EFBC}") = "CompanyWeb", "CompanyWeb\CompanyWeb.csproj", "{FC687017-0C49-46D4-AF34-7D5F59C1B078}"
EndProject
Project("{FAE04EC0-301F-11D3-BF4B-00C04F79EFBC}") = "Company.Domain", "Company.Domain\Company.Domain.csproj", "{1A841F58-EE3F-4659-8D56-912FBF0615F0}"
EndProject
Project("{FAE04EC0-301F-11D3-BF4B-00C04F79EFBC}") = "Company.Application", "Company.Application\Company.Application.csproj", "{589CCEFA-2844-43A1-AFC5-18C70AC64330}"
EndProject
Project("{FAE04EC0-301F-11D3-BF4B-00C04F79EFBC}") = "Company.Infrastructure", "Company.Infrastructure\Company.Infrastructure.csproj", "{CEEB7F44-790A-42D0-8172-19C3F1A9EB6B}"
EndProject
Global
	GlobalSection(SolutionConfigurationPlatforms) = preSolution
		Debug|Any CPU = Debug|Any CPU
		Release|Any CPU = Release|Any CPU
	EndGlobalSection
	GlobalSection(ProjectConfigurationPlatforms) = postSolution
		{FC687017-0C49-46D4-AF34-7D5F59C1B078}.Debug|Any CPU.ActiveCfg = Debug|Any CPU
		{FC687017-0C49-46D4-AF34-7D5F59C1B078}.Debug|Any CPU.Build.0 = Debug|Any CPU
		{FC687017-0C49-46D4-AF34-7D5F59C1B078}.Release|Any CPU.ActiveCfg = Release|Any CPU
		{FC687017-0C49-46D4-AF34-7D5F59C1B078}.Release|Any CPU.Build.0 = Release|Any CPU
		{1A841F58-EE3F-4659-8D56-912FBF0615F0}.Debug|Any CPU.ActiveCfg = Debug|Any CPU
		{1A841F58-EE3F-4659-8D56-912FBF0615F0}.Debug|Any CPU.Build.0 = Debug|Any CPU
		{1A841F58-EE3F-4659-8D56-912FBF0615F0}.Release|Any CPU.ActiveCfg = Release|Any CPU
		{1A841F58-EE3F-4659-8D56-912FBF0615F0}.Release|Any CPU.Build.0 = Release|Any CPU
		{589CCEFA-2844-43A1-AFC5-18C70AC64330}.Debug|Any CPU.ActiveCfg = Debug|Any CPU
		{589CCEFA-2844-43A1-AFC5-18C70AC64330}.Debug|Any CPU.Build.0 = Debug|Any CPU
		{589CCEFA-2844-43A1-AFC5-18C70AC64330}.Release|Any CPU.ActiveCfg = Release|Any CPU
		{589CCEFA-2844-43A1-AFC5-18C70AC64330}.Release|Any CPU.Build.0 = Release|Any CPU
		{CEEB7F44-790A-42D0-8172-19C3F1A9EB6B}.Debug|Any CPU.ActiveCfg = Debug|Any CPU
		{CEEB7F44-790A-42D0-8172-19C3F1A9EB6B}.Debug|Any CPU.Build.0 = Debug|Any CPU
		{CEEB7F44-790A-42D0-8172-19C3F1A9EB6B}.Release|Any CPU.ActiveCfg = Release|Any CPU
		{CEEB7F44-790A-42D0-8172-19C3F1A9EB6B}.Release|Any CPU.Build.0 = Release|Any CPU
	EndGlobalSection
	GlobalSection(SolutionProperties) = preSolution
		HideSolutionNode = FALSE
	EndGlobalSection
	GlobalSection(ExtensibilityGlobals) = postSolution
		SolutionGuid = {D8CCF438-2981-4739-BCE3-28EE0150479E}
	EndGlobalSection
EndGlobal
